
Microsoft Visual Studio Solution File, Format Version 12.00
# Visual Studio Version 16
VisualStudioVersion = 16.0.29009.5
MinimumVisualStudioVersion = 10.0.40219.1
Project("{FAE04EC0-301F-11D3-BF4B-00C04F79EFBC}") = "ChartProgram", "ChartProgram\ChartProgram.csproj", "{7C9EBE04-94A3-430F-8BD1-E38E17EC95A8}"
EndProject
Global
	GlobalSection(SolutionConfigurationPlatforms) = preSolution
		Debug|Any CPU = Debug|Any CPU
		Release|Any CPU = Release|Any CPU
	EndGlobalSection
	GlobalSection(ProjectConfigurationPlatforms) = postSolution
		{7C9EBE04-94A3-430F-8BD1-E38E17EC95A8}.Debug|Any CPU.ActiveCfg = Debug|Any CPU
		{7C9EBE04-94A3-430F-8BD1-E38E17EC95A8}.Debug|Any CPU.Build.0 = Debug|Any CPU
		{7C9EBE04-94A3-430F-8BD1-E38E17EC95A8}.Release|Any CPU.ActiveCfg = Release|Any CPU
		{7C9EBE04-94A3-430F-8BD1-E38E17EC95A8}.Release|Any CPU.Build.0 = Release|Any CPU
	EndGlobalSection
	GlobalSection(SolutionProperties) = preSolution
		HideSolutionNode = FALSE
	EndGlobalSection
	GlobalSection(ExtensibilityGlobals) = postSolution
		SolutionGuid = {E783FE59-EA33-42E8-AA9C-67FE5B223DC6}
	EndGlobalSection
EndGlobal
